# This file is automatically @generated by Cargo.
# It is not intended for manual editing.
version = 4

[[package]]
name = "aho-corasick"
version = "1.1.5"
source = "registry+https://github.com/rust-lang/crates.io-index"
checksum = "c982642fa9e8606056828ee9a8505737230110bb1099153c79efe865c59d12ba"
dependencies = [
 "memchr",
]

[[package]]
name = "base64"
version = "0.23.1"
source = "registry+https://github.com/rust-lang/crates.io-index"
checksum = "ac07cdecf99051d9a5238b80f35af32cdeba5b336e55d957b318b50137e18da5"

[[package]]
name = "foldhash"
version = "0.2.0"
source = "registry+https://github.com/rust-lang/crates.io-index"
checksum = "77ce24cb58228fbb8aa041425bb1050850ac19177686ea6e0f41a70416f56fdb"

[[package]]
name = "hashbrown"
version = "0.17.1"
source = "registry+https://github.com/rust-lang/crates.io-index"
checksum = "ed5909b6e89a2db4456e54cd5f673791d7eca6732202bbf2a9cc504fe2f9b84a"
dependencies = [
 "foldhash",
]

[[package]]
name = "itoa"
version = "1.0.18"
source = "registry+https://github.com/rust-lang/crates.io-index"
checksum = "8f42a60cbdf9a97f5d2305f08a87dc4e09308d1276d28c869c684d7777685682"

[[package]]
name = "lru"
version = "0.18.5"
source = "registry+https://github.com/rust-lang/crates.io-index"
checksum = "ef9ac18847474e638e3702b76c65d4eb93428471a74778ef0f1be711717f89b5"
dependencies = [
 "hashbrown",
]

[[package]]
name = "memchr"
version = "2.8.3"
source = "registry+https://github.com/rust-lang/crates.io-index"
checksum = "cf8baf1c55e62ffcace7a9f06f4bd9cd3f0c4beb022d3b367256b91b87513d98"

[[package]]
name = "proc-macro2"
version = "1.0.107"
source = "registry+https://github.com/rust-lang/crates.io-index"
checksum = "985e7ec9bb745e6ce6535b544d84d6cd6f7ad8bd711c398938ae983b91a766d9"
dependencies = [
 "unicode-ident",
]

[[package]]
name = "quote"
version = "1.0.47"
source = "registry+https://github.com/rust-lang/crates.io-index"
checksum = "1fbf4db142a473a8d80c26bbf18454ed458bf8d26c8219c331daecfdbd079001"
dependencies = [
 "proc-macro2",
]

[[package]]
name = "regexr"
version = "0.6.0"
source = "registry+https://github.com/rust-lang/crates.io-index"
checksum = "c1dc7d7bd6a78cbb6945d786c6394bd2c7766fa8a7ba0e2ae38920043a3938bf"
dependencies = [
 "aho-corasick",
 "memchr",
]

[[package]]
name = "rustc-hash"
version = "2.1.3"
source = "registry+https://github.com/rust-lang/crates.io-index"
checksum = "6b1e7f9a428571be2dc5bc0505c13fb6bf936822b894ec87abf8a08a4e51742d"

[[package]]
name = "serde"
version = "1.0.229"
source = "registry+https://github.com/rust-lang/crates.io-index"
checksum = "4148590afebada386688f18773da617792bf2ef03ffc1e4cbd2b1d45b023e0ba"
dependencies = [
 "serde_core",
]

[[package]]
name = "serde_core"
version = "1.0.229"
source = "registry+https://github.com/rust-lang/crates.io-index"
checksum = "67dca2c9c51e58a4791a4b1ed58308b39c64224d349a935ab5039aa360942a48"
dependencies = [
 "serde_derive",
]

[[package]]
name = "serde_derive"
version = "1.0.229"
source = "registry+https://github.com/rust-lang/crates.io-index"
checksum = "e7a5d71263a5a7d47b41f6b3f06ba276f10cc18b0931f1799f710578e2309348"
dependencies = [
 "proc-macro2",
 "quote",
 "syn",
]

[[package]]
name = "serde_json"
version = "1.0.151"
source = "registry+https://github.com/rust-lang/crates.io-index"
checksum = "c841b55ecdae098c80dcae9cf767f6f8a0c2cdb3416bbef72181df4d0fe73f14"
dependencies = [
 "itoa",
 "memchr",
 "serde",
 "serde_core",
 "zmij",
]

[[package]]
name = "splintr"
version = "0.21.0"
source = "registry+https://github.com/rust-lang/crates.io-index"
checksum = "d0931f148d9bde5cf6abee5d94cec51052d16d9cadd3b592d82c3e98fe33981f"
dependencies = [
 "aho-corasick",
 "base64",
 "lru",
 "memchr",
 "regexr",
 "rustc-hash",
 "serde",
 "serde_json",
 "splintr-vocab-cl100k",
 "splintr-vocab-deepseek",
 "splintr-vocab-gemma2",
 "splintr-vocab-gemma3",
 "splintr-vocab-gemma4",
 "splintr-vocab-glm",
 "splintr-vocab-kimi",
 "splintr-vocab-llama2",
 "splintr-vocab-llama3",
 "splintr-vocab-mistral",
 "splintr-vocab-modernbert",
 "splintr-vocab-o200k",
 "splintr-vocab-qwen",
 "splintr-vocab-whisper",
 "thiserror",
 "unicode-general-category",
 "unicode-normalization",
 "unicode-segmentation",
]

[[package]]
name = "splintr-go"
version = "0.1.0"
dependencies = [
 "splintr",
]

[[package]]
name = "splintr-vocab-cl100k"
version = "1.0.0"
source = "registry+https://github.com/rust-lang/crates.io-index"
checksum = "4ab174e6f6fda76aef83361badce0aa50ef26dd7be2d1b5cfa43e9e09571c7ea"
dependencies = [
 "splintr-vocab-pack",
]

[[package]]
name = "splintr-vocab-deepseek"
version = "1.0.0"
source = "registry+https://github.com/rust-lang/crates.io-index"
checksum = "0926ccba51a4fdafec408b3d13415041cad225e6ea757fa1aa5b136c946d5cf3"
dependencies = [
 "splintr-vocab-pack",
]

[[package]]
name = "splintr-vocab-gemma2"
version = "1.0.0"
source = "registry+https://github.com/rust-lang/crates.io-index"
checksum = "5649b01019c59e45541a80d5bdc644367dfdc2c24bf10ee0bd935d2744ce1124"

[[package]]
name = "splintr-vocab-gemma3"
version = "1.0.0"
source = "registry+https://github.com/rust-lang/crates.io-index"
checksum = "2a24151741927c4556f732bef02bc37bd4e5f8ebf2b4a252eca5cf5e7041a5df"

[[package]]
name = "splintr-vocab-gemma4"
version = "1.0.0"
source = "registry+https://github.com/rust-lang/crates.io-index"
checksum = "78589daadaa24ee8a731e5910bc28cb9428fef0b68b7a9505dd63b6d650db6c5"
dependencies = [
 "splintr-vocab-pack",
]

[[package]]
name = "splintr-vocab-glm"
version = "1.0.0"
source = "registry+https://github.com/rust-lang/crates.io-index"
checksum = "68d9203a62a7958ed2bb1e79fe070b46d9cb8d6eafffe54a2a67601a43b13f52"
dependencies = [
 "splintr-vocab-pack",
]

[[package]]
name = "splintr-vocab-kimi"
version = "1.0.0"
source = "registry+https://github.com/rust-lang/crates.io-index"
checksum = "f246d725b9fe63f2c4cf9bad097c89e48cc2a57f8c3634daa5ef2b74158a071c"
dependencies = [
 "splintr-vocab-pack",
]

[[package]]
name = "splintr-vocab-llama2"
version = "1.0.0"
source = "registry+https://github.com/rust-lang/crates.io-index"
checksum = "eb1e75c3c3225da9c9225dfa1ed750b80118a29e32a489742e266dcbe1259331"

[[package]]
name = "splintr-vocab-llama3"
version = "1.0.0"
source = "registry+https://github.com/rust-lang/crates.io-index"
checksum = "bc071e39030b2bf2456d79f37f74a682fbdccf1ceefbfe0ef3ea21d5aa448cf1"
dependencies = [
 "splintr-vocab-pack",
]

[[package]]
name = "splintr-vocab-mistral"
version = "1.0.0"
source = "registry+https://github.com/rust-lang/crates.io-index"
checksum = "de023e72e3526986ea002db1ccbc8fb1abb07df2949a7712c37e109672918bc2"
dependencies = [
 "splintr-vocab-pack",
]

[[package]]
name = "splintr-vocab-modernbert"
version = "1.0.0"
source = "registry+https://github.com/rust-lang/crates.io-index"
checksum = "299931c6b3dcf259e4309812668ba15d7910b1f9c505814a750e4b2e81fd6ef9"
dependencies = [
 "splintr-vocab-pack",
]

[[package]]
name = "splintr-vocab-o200k"
version = "1.0.0"
source = "registry+https://github.com/rust-lang/crates.io-index"
checksum = "06286415c13d412a73228bfe769be6948dac54ee8ebc078d32d0f894493f08ca"
dependencies = [
 "splintr-vocab-pack",
]

[[package]]
name = "splintr-vocab-pack"
version = "1.2.1"
source = "registry+https://github.com/rust-lang/crates.io-index"
checksum = "64e2865376308f2b02f127a46fa4530cf0921e75d732c88f904c8a75120667fe"
dependencies = [
 "base64",
 "serde_json",
]

[[package]]
name = "splintr-vocab-qwen"
version = "1.0.0"
source = "registry+https://github.com/rust-lang/crates.io-index"
checksum = "db47a8789446ff25418cb503abccd27ad8bb65c8e92e507b62478e27fbb6648e"
dependencies = [
 "splintr-vocab-pack",
]

[[package]]
name = "splintr-vocab-whisper"
version = "1.0.0"
source = "registry+https://github.com/rust-lang/crates.io-index"
checksum = "9a2ada363a88833d6cb54e094eaa1d6478ef8e22932157fad8865936e44d43c1"
dependencies = [
 "splintr-vocab-pack",
]

[[package]]
name = "syn"
version = "3.0.6"
source = "registry+https://github.com/rust-lang/crates.io-index"
checksum = "8593e8e72159ed2257d083c7a454a85cbf854f37a0966d8d483aff8c8a3ebcee"
dependencies = [
 "proc-macro2",
 "quote",
 "unicode-ident",
]

[[package]]
name = "thiserror"
version = "2.0.21"
source = "registry+https://github.com/rust-lang/crates.io-index"
checksum = "09e52cb86a36cede5cb101bf8908837b3e4c6e5e59fe7fd85c23fb56200d189e"
dependencies = [
 "thiserror-impl",
]

[[package]]
name = "thiserror-impl"
version = "2.0.21"
source = "registry+https://github.com/rust-lang/crates.io-index"
checksum = "fe5197923287db20a58125f0bc85c062f7f2c892de97b18c356f9efb14b28524"
dependencies = [
 "proc-macro2",
 "quote",
 "syn",
]

[[package]]
name = "tinyvec"
version = "1.13.3"
source = "registry+https://github.com/rust-lang/crates.io-index"
checksum = "fd3ca314f692efd6c868f8408f53fe444634a845f96c028b97d35f6a1f79f0ee"

[[package]]
name = "unicode-general-category"
version = "1.1.0"
source = "registry+https://github.com/rust-lang/crates.io-index"
checksum = "0b993bddc193ae5bd0d623b49ec06ac3e9312875fdae725a975c51db1cc1677f"

[[package]]
name = "unicode-ident"
version = "1.0.26"
source = "registry+https://github.com/rust-lang/crates.io-index"
checksum = "d245f478577f809a851594d02313b640fb437e0bb33866753cff937863096954"

[[package]]
name = "unicode-normalization"
version = "0.1.25"
source = "registry+https://github.com/rust-lang/crates.io-index"
checksum = "5fd4f6878c9cb28d874b009da9e8d183b5abc80117c40bbd187a1fde336be6e8"
dependencies = [
 "tinyvec",
]

[[package]]
name = "unicode-segmentation"
version = "1.13.3"
source = "registry+https://github.com/rust-lang/crates.io-index"
checksum = "c6f5d3c3b1bf09027a88a6bc961fc00497d651009560b5463668dc81b0fa87a8"

[[package]]
name = "zmij"
version = "1.0.23"
source = "registry+https://github.com/rust-lang/crates.io-index"
checksum = "29666d0abbfad1e3dc4dcf6144730dd3a3ab225bbbdac83319345b1b44ccfc1b"
